// !$*UTF8*$!
{
	archiveVersion = 1;
	classes = {
	};
	objectVersion = 56;
	objects = {

/* Begin PBXBuildFile section */
		B001 /* GleisApp.swift in Sources */ = {isa = PBXBuildFile; fileRef = F001 /* GleisApp.swift */; };
		B002 /* ContentView.swift in Sources */ = {isa = PBXBuildFile; fileRef = F002 /* ContentView.swift */; };
		B003 /* TransportView.swift in Sources */ = {isa = PBXBuildFile; fileRef = F003 /* TransportView.swift */; };
		B004 /* TransportViewModel.swift in Sources */ = {isa = PBXBuildFile; fileRef = F004 /* TransportViewModel.swift */; };
		B005 /* ServiceProtocols.swift in Sources */ = {isa = PBXBuildFile; fileRef = F005 /* ServiceProtocols.swift */; };
		B006 /* StorageService.swift in Sources */ = {isa = PBXBuildFile; fileRef = F006 /* StorageService.swift */; };
		B008 /* NotificationService.swift in Sources */ = {isa = PBXBuildFile; fileRef = F008 /* NotificationService.swift */; };
		B009 /* TransportService.swift in Sources */ = {isa = PBXBuildFile; fileRef = F009 /* TransportService.swift */; };
		B010 /* OebbAPIClient.swift in Sources */ = {isa = PBXBuildFile; fileRef = F010 /* OebbAPIClient.swift */; };
		B011 /* ConnectionMapper.swift in Sources */ = {isa = PBXBuildFile; fileRef = F011 /* ConnectionMapper.swift */; };
		B012 /* ColorExtensions.swift in Sources */ = {isa = PBXBuildFile; fileRef = F012 /* ColorExtensions.swift */; };
		B013 /* NetworkMonitor.swift in Sources */ = {isa = PBXBuildFile; fileRef = F013 /* NetworkMonitor.swift */; };
		B014 /* ConnectionCache.swift in Sources */ = {isa = PBXBuildFile; fileRef = F014 /* ConnectionCache.swift */; };
		B015 /* OebbAPIModels.swift in Sources */ = {isa = PBXBuildFile; fileRef = F015 /* OebbAPIModels.swift */; };
		B016 /* OebbRequestModels.swift in Sources */ = {isa = PBXBuildFile; fileRef = F016 /* OebbRequestModels.swift */; };
		B017 /* Station.swift in Sources */ = {isa = PBXBuildFile; fileRef = F017 /* Station.swift */; };
		B018 /* TrainConnection.swift in Sources */ = {isa = PBXBuildFile; fileRef = F018 /* TrainConnection.swift */; };
		B019 /* TransportType.swift in Sources */ = {isa = PBXBuildFile; fileRef = F019 /* TransportType.swift */; };
		B020 /* RouteConfiguration.swift in Sources */ = {isa = PBXBuildFile; fileRef = F020 /* RouteConfiguration.swift */; };
		B021 /* CommuteSchedule.swift in Sources */ = {isa = PBXBuildFile; fileRef = F021 /* CommuteSchedule.swift */; };
		B022 /* AppSettings.swift in Sources */ = {isa = PBXBuildFile; fileRef = F022 /* AppSettings.swift */; };
		B023 /* WidgetModels.swift in Sources */ = {isa = PBXBuildFile; fileRef = F023 /* WidgetModels.swift */; };
		B048 /* WidgetContract.swift in Sources */ = {isa = PBXBuildFile; fileRef = F048 /* WidgetContract.swift */; };
		B024 /* ConnectionCard.swift in Sources */ = {isa = PBXBuildFile; fileRef = F024 /* ConnectionCard.swift */; };
		B025 /* ConnectionDetailSheet.swift in Sources */ = {isa = PBXBuildFile; fileRef = F025 /* ConnectionDetailSheet.swift */; };
		B026 /* CommonComponents.swift in Sources */ = {isa = PBXBuildFile; fileRef = F026 /* CommonComponents.swift */; };
		B027 /* OnboardingView.swift in Sources */ = {isa = PBXBuildFile; fileRef = F027 /* OnboardingView.swift */; };
		B028 /* StationPicker.swift in Sources */ = {isa = PBXBuildFile; fileRef = F028 /* StationPicker.swift */; };
		B029 /* SettingsView.swift in Sources */ = {isa = PBXBuildFile; fileRef = F029 /* SettingsView.swift */; };
		B031 /* TicketWalletView.swift in Sources */ = {isa = PBXBuildFile; fileRef = F031 /* TicketWalletView.swift */; };
		B032 /* CommuteScheduleView.swift in Sources */ = {isa = PBXBuildFile; fileRef = F032 /* CommuteScheduleView.swift */; };
		B034 /* PinnedJourney.swift in Sources */ = {isa = PBXBuildFile; fileRef = F034 /* PinnedJourney.swift */; };
		B035 /* MyJourneyCard.swift in Sources */ = {isa = PBXBuildFile; fileRef = F035 /* MyJourneyCard.swift */; };
		B039 /* DisplayConnection.swift in Sources */ = {isa = PBXBuildFile; fileRef = F039 /* DisplayConnection.swift */; };
		B041 /* ToastManager.swift in Sources */ = {isa = PBXBuildFile; fileRef = F041 /* ToastManager.swift */; };
		B043 /* StationSearchService.swift in Sources */ = {isa = PBXBuildFile; fileRef = F043 /* StationSearchService.swift */; };
		B044 /* CommuteScheduleViewModel.swift in Sources */ = {isa = PBXBuildFile; fileRef = F044 /* CommuteScheduleViewModel.swift */; };
		B046 /* CameraService.swift in Sources */ = {isa = PBXBuildFile; fileRef = F046 /* CameraService.swift */; };
		B047 /* WidgetSyncDiagnostics.swift in Sources */ = {isa = PBXBuildFile; fileRef = F047 /* WidgetSyncDiagnostics.swift */; };
		W001 /* GleisWidget.swift in Sources */ = {isa = PBXBuildFile; fileRef = WF01 /* GleisWidget.swift */; };
		W002 /* SharedWidgetModels.swift in Sources */ = {isa = PBXBuildFile; fileRef = WF02 /* SharedWidgetModels.swift */; };
		W003 /* WidgetKit.framework in Frameworks */ = {isa = PBXBuildFile; fileRef = WF03 /* WidgetKit.framework */; };
		W004 /* SwiftUI.framework in Frameworks */ = {isa = PBXBuildFile; fileRef = WF04 /* SwiftUI.framework */; };
		W005 /* GleisWidgetExtension.appex in Embed Foundation Extensions */ = {isa = PBXBuildFile; fileRef = WF00 /* GleisWidgetExtension.appex */; settings = {ATTRIBUTES = (RemoveHeadersOnCopy, ); }; };
		W007 /* WidgetSyncDiagnostics.swift in Sources */ = {isa = PBXBuildFile; fileRef = F047 /* WidgetSyncDiagnostics.swift */; };
		W008 /* WidgetContract.swift in Sources */ = {isa = PBXBuildFile; fileRef = F048 /* WidgetContract.swift */; };
/* End PBXBuildFile section */

/* Begin PBXContainerItemProxy section */
		W200 /* PBXContainerItemProxy */ = {
			isa = PBXContainerItemProxy;
			containerPortal = 500 /* Project object */;
			proxyType = 1;
			remoteGlobalIDString = W300;
			remoteInfo = GleisWidgetExtension;
		};
/* End PBXContainerItemProxy section */

/* Begin PBXCopyFilesBuildPhase section */
		W500 /* Embed Foundation Extensions */ = {
			isa = PBXCopyFilesBuildPhase;
			buildActionMask = 2147483647;
			dstPath = "";
			dstSubfolderSpec = 13;
			files = (
				W005 /* GleisWidgetExtension.appex in Embed Foundation Extensions */,
			);
			name = "Embed Foundation Extensions";
			runOnlyForDeploymentPostprocessing = 0;
		};
/* End PBXCopyFilesBuildPhase section */

/* Begin PBXFileReference section */
		100 /* Gleis.app */ = {isa = PBXFileReference; explicitFileType = wrapper.application; includeInIndex = 0; path = Gleis.app; sourceTree = BUILT_PRODUCTS_DIR; };
		F001 /* GleisApp.swift */ = {isa = PBXFileReference; lastKnownFileType = sourcecode.swift; path = GleisApp.swift; sourceTree = "<group>"; };
		F002 /* ContentView.swift */ = {isa = PBXFileReference; lastKnownFileType = sourcecode.swift; path = ContentView.swift; sourceTree = "<group>"; };
		F003 /* TransportView.swift */ = {isa = PBXFileReference; lastKnownFileType = sourcecode.swift; path = TransportView.swift; sourceTree = "<group>"; };
		F004 /* TransportViewModel.swift */ = {isa = PBXFileReference; lastKnownFileType = sourcecode.swift; path = TransportViewModel.swift; sourceTree = "<group>"; };
		F005 /* ServiceProtocols.swift */ = {isa = PBXFileReference; lastKnownFileType = sourcecode.swift; path = ServiceProtocols.swift; sourceTree = "<group>"; };
		F006 /* StorageService.swift */ = {isa = PBXFileReference; lastKnownFileType = sourcecode.swift; path = StorageService.swift; sourceTree = "<group>"; };
		F008 /* NotificationService.swift */ = {isa = PBXFileReference; lastKnownFileType = sourcecode.swift; path = NotificationService.swift; sourceTree = "<group>"; };
		F009 /* TransportService.swift */ = {isa = PBXFileReference; lastKnownFileType = sourcecode.swift; path = TransportService.swift; sourceTree = "<group>"; };
		F010 /* OebbAPIClient.swift */ = {isa = PBXFileReference; lastKnownFileType = sourcecode.swift; path = OebbAPIClient.swift; sourceTree = "<group>"; };
		F011 /* ConnectionMapper.swift */ = {isa = PBXFileReference; lastKnownFileType = sourcecode.swift; path = ConnectionMapper.swift; sourceTree = "<group>"; };
		F012 /* ColorExtensions.swift */ = {isa = PBXFileReference; lastKnownFileType = sourcecode.swift; path = ColorExtensions.swift; sourceTree = "<group>"; };
		F013 /* NetworkMonitor.swift */ = {isa = PBXFileReference; lastKnownFileType = sourcecode.swift; path = NetworkMonitor.swift; sourceTree = "<group>"; };
		F014 /* ConnectionCache.swift */ = {isa = PBXFileReference; lastKnownFileType = sourcecode.swift; path = ConnectionCache.swift; sourceTree = "<group>"; };
		F015 /* OebbAPIModels.swift */ = {isa = PBXFileReference; lastKnownFileType = sourcecode.swift; path = OebbAPIModels.swift; sourceTree = "<group>"; };
		F016 /* OebbRequestModels.swift */ = {isa = PBXFileReference; lastKnownFileType = sourcecode.swift; path = OebbRequestModels.swift; sourceTree = "<group>"; };
		F017 /* Station.swift */ = {isa = PBXFileReference; lastKnownFileType = sourcecode.swift; path = Station.swift; sourceTree = "<group>"; };
		F018 /* TrainConnection.swift */ = {isa = PBXFileReference; lastKnownFileType = sourcecode.swift; path = TrainConnection.swift; sourceTree = "<group>"; };
		F019 /* TransportType.swift */ = {isa = PBXFileReference; lastKnownFileType = sourcecode.swift; path = TransportType.swift; sourceTree = "<group>"; };
		F020 /* RouteConfiguration.swift */ = {isa = PBXFileReference; lastKnownFileType = sourcecode.swift; path = RouteConfiguration.swift; sourceTree = "<group>"; };
		F021 /* CommuteSchedule.swift */ = {isa = PBXFileReference; lastKnownFileType = sourcecode.swift; path = CommuteSchedule.swift; sourceTree = "<group>"; };
		F022 /* AppSettings.swift */ = {isa = PBXFileReference; lastKnownFileType = sourcecode.swift; path = AppSettings.swift; sourceTree = "<group>"; };
		F023 /* WidgetModels.swift */ = {isa = PBXFileReference; lastKnownFileType = sourcecode.swift; path = WidgetModels.swift; sourceTree = "<group>"; };
		F048 /* WidgetContract.swift */ = {isa = PBXFileReference; lastKnownFileType = sourcecode.swift; path = WidgetContract.swift; sourceTree = "<group>"; };
		F024 /* ConnectionCard.swift */ = {isa = PBXFileReference; lastKnownFileType = sourcecode.swift; path = ConnectionCard.swift; sourceTree = "<group>"; };
		F025 /* ConnectionDetailSheet.swift */ = {isa = PBXFileReference; lastKnownFileType = sourcecode.swift; path = ConnectionDetailSheet.swift; sourceTree = "<group>"; };
		F026 /* CommonComponents.swift */ = {isa = PBXFileReference; lastKnownFileType = sourcecode.swift; path = CommonComponents.swift; sourceTree = "<group>"; };
		F027 /* OnboardingView.swift */ = {isa = PBXFileReference; lastKnownFileType = sourcecode.swift; path = OnboardingView.swift; sourceTree = "<group>"; };
		F028 /* StationPicker.swift */ = {isa = PBXFileReference; lastKnownFileType = sourcecode.swift; path = StationPicker.swift; sourceTree = "<group>"; };
		F029 /* SettingsView.swift */ = {isa = PBXFileReference; lastKnownFileType = sourcecode.swift; path = SettingsView.swift; sourceTree = "<group>"; };
		F031 /* TicketWalletView.swift */ = {isa = PBXFileReference; lastKnownFileType = sourcecode.swift; path = TicketWalletView.swift; sourceTree = "<group>"; };
		F032 /* CommuteScheduleView.swift */ = {isa = PBXFileReference; lastKnownFileType = sourcecode.swift; path = CommuteScheduleView.swift; sourceTree = "<group>"; };
		F034 /* PinnedJourney.swift */ = {isa = PBXFileReference; lastKnownFileType = sourcecode.swift; path = PinnedJourney.swift; sourceTree = "<group>"; };
		F035 /* MyJourneyCard.swift */ = {isa = PBXFileReference; lastKnownFileType = sourcecode.swift; path = MyJourneyCard.swift; sourceTree = "<group>"; };
		F039 /* DisplayConnection.swift */ = {isa = PBXFileReference; lastKnownFileType = sourcecode.swift; path = DisplayConnection.swift; sourceTree = "<group>"; };
		F041 /* ToastManager.swift */ = {isa = PBXFileReference; lastKnownFileType = sourcecode.swift; path = ToastManager.swift; sourceTree = "<group>"; };
		F043 /* StationSearchService.swift */ = {isa = PBXFileReference; lastKnownFileType = sourcecode.swift; path = StationSearchService.swift; sourceTree = "<group>"; };
		F044 /* CommuteScheduleViewModel.swift */ = {isa = PBXFileReference; lastKnownFileType = sourcecode.swift; path = CommuteScheduleViewModel.swift; sourceTree = "<group>"; };
		F046 /* CameraService.swift */ = {isa = PBXFileReference; lastKnownFileType = sourcecode.swift; path = CameraService.swift; sourceTree = "<group>"; };
		F047 /* WidgetSyncDiagnostics.swift */ = {isa = PBXFileReference; lastKnownFileType = sourcecode.swift; path = WidgetSyncDiagnostics.swift; sourceTree = "<group>"; };
		F100 /* Info.plist */ = {isa = PBXFileReference; lastKnownFileType = text.plist.xml; path = Info.plist; sourceTree = "<group>"; };
		F101 /* Gleis.entitlements */ = {isa = PBXFileReference; lastKnownFileType = text.plist.entitlements; path = Gleis.entitlements; sourceTree = "<group>"; };
		WF00 /* GleisWidgetExtension.appex */ = {isa = PBXFileReference; explicitFileType = "wrapper.app-extension"; includeInIndex = 0; path = GleisWidgetExtension.appex; sourceTree = BUILT_PRODUCTS_DIR; };
		WF01 /* GleisWidget.swift */ = {isa = PBXFileReference; lastKnownFileType = sourcecode.swift; path = GleisWidget.swift; sourceTree = "<group>"; };
		WF02 /* SharedWidgetModels.swift */ = {isa = PBXFileReference; lastKnownFileType = sourcecode.swift; path = SharedWidgetModels.swift; sourceTree = "<group>"; };
		WF03 /* WidgetKit.framework */ = {isa = PBXFileReference; lastKnownFileType = wrapper.framework; name = WidgetKit.framework; path = System/Library/Frameworks/WidgetKit.framework; sourceTree = SDKROOT; };
		WF04 /* SwiftUI.framework */ = {isa = PBXFileReference; lastKnownFileType = wrapper.framework; name = SwiftUI.framework; path = System/Library/Frameworks/SwiftUI.framework; sourceTree = SDKROOT; };
		WF05 /* Info.plist */ = {isa = PBXFileReference; lastKnownFileType = text.plist.xml; path = Info.plist; sourceTree = "<group>"; };
		WF06 /* GleisWidget.entitlements */ = {isa = PBXFileReference; lastKnownFileType = text.plist.entitlements; path = GleisWidget.entitlements; sourceTree = "<group>"; };
/* End PBXFileReference section */

/* Begin PBXFrameworksBuildPhase section */
		302 /* Frameworks */ = {
			isa = PBXFrameworksBuildPhase;
			buildActionMask = 2147483647;
			files = (
			);
			runOnlyForDeploymentPostprocessing = 0;
		};
		W302 /* Frameworks */ = {
			isa = PBXFrameworksBuildPhase;
			buildActionMask = 2147483647;
			files = (
				W003 /* WidgetKit.framework in Frameworks */,
				W004 /* SwiftUI.framework in Frameworks */,
			);
			runOnlyForDeploymentPostprocessing = 0;
		};
/* End PBXFrameworksBuildPhase section */

/* Begin PBXGroup section */
		G000 = {
			isa = PBXGroup;
			children = (
				G001 /* Gleis */,
				GW01 /* GleisWidget */,
				G002 /* Products */,
				GW02 /* Frameworks */,
			);
			sourceTree = "<group>";
		};
		G001 /* Gleis */ = {
			isa = PBXGroup;
			children = (
				F001 /* GleisApp.swift */,
				F100 /* Info.plist */,
				F101 /* Gleis.entitlements */,
				G003 /* Sources */,
			);
			path = Gleis;
			sourceTree = "<group>";
		};
		G002 /* Products */ = {
			isa = PBXGroup;
			children = (
				100 /* Gleis.app */,
				WF00 /* GleisWidgetExtension.appex */,
			);
			name = Products;
			sourceTree = "<group>";
		};
		G003 /* Sources */ = {
			isa = PBXGroup;
			children = (
				G004 /* Models */,
				G010 /* Views */,
				G015 /* ViewModels */,
				G016 /* Services */,
				G020 /* Managers */,
				G021 /* Protocols */,
				G022 /* Components */,
				G026 /* Extensions */,
			);
			path = Sources;
			sourceTree = "<group>";
		};
		G004 /* Models */ = {
			isa = PBXGroup;
			children = (
				G005 /* API */,
				G006 /* Domain */,
				G007 /* Widget */,
			);
			path = Models;
			sourceTree = "<group>";
		};
		G005 /* API */ = {
			isa = PBXGroup;
			children = (
				F015 /* OebbAPIModels.swift */,
				F016 /* OebbRequestModels.swift */,
			);
			path = API;
			sourceTree = "<group>";
		};
		G006 /* Domain */ = {
			isa = PBXGroup;
			children = (
				F017 /* Station.swift */,
				F018 /* TrainConnection.swift */,
				F019 /* TransportType.swift */,
				F020 /* RouteConfiguration.swift */,
				F021 /* CommuteSchedule.swift */,
				F022 /* AppSettings.swift */,
				F034 /* PinnedJourney.swift */,
				F039 /* DisplayConnection.swift */,
			);
			path = Domain;
			sourceTree = "<group>";
		};
		G007 /* Widget */ = {
			isa = PBXGroup;
			children = (
				F023 /* WidgetModels.swift */,
				F048 /* WidgetContract.swift */,
			);
			path = Widget;
			sourceTree = "<group>";
		};
		G010 /* Views */ = {
			isa = PBXGroup;
			children = (
				F002 /* ContentView.swift */,
				F003 /* TransportView.swift */,
				G011 /* Settings */,
				G012 /* Commute */,
			);
			path = Views;
			sourceTree = "<group>";
		};
		G011 /* Settings */ = {
			isa = PBXGroup;
			children = (
				F029 /* SettingsView.swift */,
				F031 /* TicketWalletView.swift */,
			);
			path = Settings;
			sourceTree = "<group>";
		};
		G012 /* Commute */ = {
			isa = PBXGroup;
			children = (
				F032 /* CommuteScheduleView.swift */,
			);
			path = Commute;
			sourceTree = "<group>";
		};
		G015 /* ViewModels */ = {
			isa = PBXGroup;
			children = (
				F004 /* TransportViewModel.swift */,
				F044 /* CommuteScheduleViewModel.swift */,
			);
			path = ViewModels;
			sourceTree = "<group>";
		};
		G016 /* Services */ = {
			isa = PBXGroup;
			children = (
				G017 /* API */,
				G018 /* Mappers */,
				F006 /* StorageService.swift */,
				F008 /* NotificationService.swift */,
				F009 /* TransportService.swift */,
				F046 /* CameraService.swift */,
				F043 /* StationSearchService.swift */,
			);
			path = Services;
			sourceTree = "<group>";
		};
		G017 /* API */ = {
			isa = PBXGroup;
			children = (
				F010 /* OebbAPIClient.swift */,
			);
			path = API;
			sourceTree = "<group>";
		};
		G018 /* Mappers */ = {
			isa = PBXGroup;
			children = (
				F011 /* ConnectionMapper.swift */,
			);
			path = Mappers;
			sourceTree = "<group>";
		};
		G020 /* Managers */ = {
			isa = PBXGroup;
			children = (
				F013 /* NetworkMonitor.swift */,
				F014 /* ConnectionCache.swift */,
				F041 /* ToastManager.swift */,
				F047 /* WidgetSyncDiagnostics.swift */,
			);
			path = Managers;
			sourceTree = "<group>";
		};
		G021 /* Protocols */ = {
			isa = PBXGroup;
			children = (
				F005 /* ServiceProtocols.swift */,
			);
			path = Protocols;
			sourceTree = "<group>";
		};
		G022 /* Components */ = {
			isa = PBXGroup;
			children = (
				G023 /* Cards */,
				G024 /* Common */,
				G025 /* Pickers */,
			);
			path = Components;
			sourceTree = "<group>";
		};
		G023 /* Cards */ = {
			isa = PBXGroup;
			children = (
				F024 /* ConnectionCard.swift */,
				F025 /* ConnectionDetailSheet.swift */,
				F035 /* MyJourneyCard.swift */,
			);
			path = Cards;
			sourceTree = "<group>";
		};
		G024 /* Common */ = {
			isa = PBXGroup;
			children = (
				F026 /* CommonComponents.swift */,
				F027 /* OnboardingView.swift */,
			);
			path = Common;
			sourceTree = "<group>";
		};
		G025 /* Pickers */ = {
			isa = PBXGroup;
			children = (
				F028 /* StationPicker.swift */,
			);
			path = Pickers;
			sourceTree = "<group>";
		};
		G026 /* Extensions */ = {
			isa = PBXGroup;
			children = (
				F012 /* ColorExtensions.swift */,
			);
			path = Extensions;
			sourceTree = "<group>";
		};
		GW01 /* GleisWidget */ = {
			isa = PBXGroup;
			children = (
				WF01 /* GleisWidget.swift */,
				WF02 /* SharedWidgetModels.swift */,
				WF05 /* Info.plist */,
				WF06 /* GleisWidget.entitlements */,
			);
			path = GleisWidget;
			sourceTree = "<group>";
		};
		GW02 /* Frameworks */ = {
			isa = PBXGroup;
			children = (
				WF03 /* WidgetKit.framework */,
				WF04 /* SwiftUI.framework */,
			);
			name = Frameworks;
			sourceTree = "<group>";
		};
/* End PBXGroup section */

/* Begin PBXNativeTarget section */
		300 /* Gleis */ = {
			isa = PBXNativeTarget;
			buildConfigurationList = 400 /* Build configuration list for PBXNativeTarget "Gleis" */;
			buildPhases = (
				301 /* Sources */,
				302 /* Frameworks */,
				303 /* Resources */,
				W500 /* Embed Foundation Extensions */,
			);
			buildRules = (
			);
			dependencies = (
				W201D /* PBXTargetDependency */,
			);
			name = Gleis;
			productName = Gleis;
			productReference = 100 /* Gleis.app */;
			productType = "com.apple.product-type.application";
		};
		W300 /* GleisWidgetExtension */ = {
			isa = PBXNativeTarget;
			buildConfigurationList = W400 /* Build configuration list for PBXNativeTarget "GleisWidgetExtension" */;
			buildPhases = (
				W301 /* Sources */,
				W302 /* Frameworks */,
				W303 /* Resources */,
			);
			buildRules = (
			);
			dependencies = (
			);
			name = GleisWidgetExtension;
			productName = GleisWidgetExtension;
			productReference = WF00 /* GleisWidgetExtension.appex */;
			productType = "com.apple.product-type.app-extension";
		};
/* End PBXNativeTarget section */

/* Begin PBXProject section */
		500 /* Project object */ = {
			isa = PBXProject;
			attributes = {
				BuildIndependentTargetsInParallel = 1;
				LastSwiftUpdateCheck = 1500;
				LastUpgradeCheck = 1500;
				TargetAttributes = {
					300 = {
						CreatedOnToolsVersion = 15.0;
					};
					W300 = {
						CreatedOnToolsVersion = 15.0;
					};
				};
			};
			buildConfigurationList = 501 /* Build configuration list for PBXProject "Gleis" */;
			compatibilityVersion = "Xcode 14.0";
			developmentRegion = en;
			hasScannedForEncodings = 0;
			knownRegions = (
				en,
				Base,
			);
			mainGroup = G000;
			productRefGroup = G002 /* Products */;
			projectDirPath = "";
			projectRoot = "";
			targets = (
				300 /* Gleis */,
				W300 /* GleisWidgetExtension */,
			);
		};
/* End PBXProject section */

/* Begin PBXResourcesBuildPhase section */
		303 /* Resources */ = {
			isa = PBXResourcesBuildPhase;
			buildActionMask = 2147483647;
			files = (
			);
			runOnlyForDeploymentPostprocessing = 0;
		};
		W303 /* Resources */ = {
			isa = PBXResourcesBuildPhase;
			buildActionMask = 2147483647;
			files = (
			);
			runOnlyForDeploymentPostprocessing = 0;
		};
/* End PBXResourcesBuildPhase section */

/* Begin PBXSourcesBuildPhase section */
		301 /* Sources */ = {
			isa = PBXSourcesBuildPhase;
			buildActionMask = 2147483647;
			files = (
				B001 /* GleisApp.swift in Sources */,
				B002 /* ContentView.swift in Sources */,
				B003 /* TransportView.swift in Sources */,
				B004 /* TransportViewModel.swift in Sources */,
				B005 /* ServiceProtocols.swift in Sources */,
				B006 /* StorageService.swift in Sources */,
				B008 /* NotificationService.swift in Sources */,
				B009 /* TransportService.swift in Sources */,
				B046 /* CameraService.swift in Sources */,
				B010 /* OebbAPIClient.swift in Sources */,
				B011 /* ConnectionMapper.swift in Sources */,
				B012 /* ColorExtensions.swift in Sources */,
				B013 /* NetworkMonitor.swift in Sources */,
				B014 /* ConnectionCache.swift in Sources */,
				B015 /* OebbAPIModels.swift in Sources */,
				B016 /* OebbRequestModels.swift in Sources */,
				B017 /* Station.swift in Sources */,
				B018 /* TrainConnection.swift in Sources */,
				B019 /* TransportType.swift in Sources */,
				B020 /* RouteConfiguration.swift in Sources */,
				B021 /* CommuteSchedule.swift in Sources */,
				B022 /* AppSettings.swift in Sources */,
				B023 /* WidgetModels.swift in Sources */,
				B048 /* WidgetContract.swift in Sources */,
				B024 /* ConnectionCard.swift in Sources */,
				B025 /* ConnectionDetailSheet.swift in Sources */,
				B026 /* CommonComponents.swift in Sources */,
				B027 /* OnboardingView.swift in Sources */,
				B028 /* StationPicker.swift in Sources */,
				B029 /* SettingsView.swift in Sources */,
				B031 /* TicketWalletView.swift in Sources */,
				B032 /* CommuteScheduleView.swift in Sources */,
				B034 /* PinnedJourney.swift in Sources */,
				B035 /* MyJourneyCard.swift in Sources */,
				B039 /* DisplayConnection.swift in Sources */,
				B041 /* ToastManager.swift in Sources */,
				B043 /* StationSearchService.swift in Sources */,
				B044 /* CommuteScheduleViewModel.swift in Sources */,
				B047 /* WidgetSyncDiagnostics.swift in Sources */,
			);
			runOnlyForDeploymentPostprocessing = 0;
		};
		W301 /* Sources */ = {
			isa = PBXSourcesBuildPhase;
			buildActionMask = 2147483647;
			files = (
				W001 /* GleisWidget.swift in Sources */,
				W002 /* SharedWidgetModels.swift in Sources */,
				W007 /* WidgetSyncDiagnostics.swift in Sources */,
				W008 /* WidgetContract.swift in Sources */,
			);
			runOnlyForDeploymentPostprocessing = 0;
		};
/* End PBXSourcesBuildPhase section */

/* Begin PBXTargetDependency section */
		W201D /* PBXTargetDependency */ = {
			isa = PBXTargetDependency;
			target = W300 /* GleisWidgetExtension */;
			targetProxy = W200 /* PBXContainerItemProxy */;
		};
/* End PBXTargetDependency section */

/* Begin XCBuildConfiguration section */
		600 /* Debug */ = {
			isa = XCBuildConfiguration;
			buildSettings = {
				ALWAYS_SEARCH_USER_PATHS = NO;
				ASSETCATALOG_COMPILER_GENERATE_SWIFT_ASSET_SYMBOL_EXTENSIONS = YES;
				CLANG_ANALYZER_NONNULL = YES;
				CLANG_CXX_LANGUAGE_STANDARD = "gnu++20";
				CLANG_ENABLE_MODULES = YES;
				CLANG_ENABLE_OBJC_ARC = YES;
				CLANG_WARN_BLOCK_CAPTURE_AUTORELEASING = YES;
				CLANG_WARN_BOOL_CONVERSION = YES;
				CLANG_WARN_COMMA = YES;
				CLANG_WARN_CONSTANT_CONVERSION = YES;
				CLANG_WARN_DEPRECATED_OBJC_IMPLEMENTATIONS = YES;
				CLANG_WARN_EMPTY_BODY = YES;
				CLANG_WARN_ENUM_CONVERSION = YES;
				CLANG_WARN_INFINITE_RECURSION = YES;
				CLANG_WARN_INT_CONVERSION = YES;
				CLANG_WARN_NON_LITERAL_NULL_CONVERSION = YES;
				CLANG_WARN_OBJC_IMPLICIT_RETAIN_SELF = YES;
				CLANG_WARN_OBJC_LITERAL_CONVERSION = YES;
				CLANG_WARN_QUOTED_INCLUDE_IN_FRAMEWORK_HEADER = YES;
				CLANG_WARN_RANGE_LOOP_ANALYSIS = YES;
				CLANG_WARN_STRICT_PROTOTYPES = YES;
				CLANG_WARN_SUSPICIOUS_MOVE = YES;
				CLANG_WARN_UNREACHABLE_CODE = YES;
				CLANG_WARN__DUPLICATE_METHOD_MATCH = YES;
				COPY_PHASE_STRIP = NO;
				DEBUG_INFORMATION_FORMAT = dwarf;
				DEVELOPMENT_TEAM = 56AHDT37ZR;
				ENABLE_STRICT_OBJC_MSGSEND = YES;
				ENABLE_TESTABILITY = YES;
				ENABLE_USER_SCRIPT_SANDBOXING = YES;
				GCC_DYNAMIC_NO_PIC = NO;
				GCC_NO_COMMON_BLOCKS = YES;
				GCC_OPTIMIZATION_LEVEL = 0;
				GCC_PREPROCESSOR_DEFINITIONS = (
					"DEBUG=1",
					"$(inherited)",
				);
				GCC_WARN_64_TO_32_BIT_CONVERSION = YES;
				GCC_WARN_ABOUT_RETURN_TYPE = YES_ERROR;
				GCC_WARN_UNDECLARED_SELECTOR = YES;
				GCC_WARN_UNINITIALIZED_AUTOS = YES_AGGRESSIVE;
				GCC_WARN_UNUSED_FUNCTION = YES;
				GCC_WARN_UNUSED_VARIABLE = YES;
				IPHONEOS_DEPLOYMENT_TARGET = 17.0;
				MTL_ENABLE_DEBUG_INFO = INCLUDE_SOURCE;
				MTL_FAST_MATH = YES;
				ONLY_ACTIVE_ARCH = YES;
				SDKROOT = iphoneos;
				STRING_CATALOG_GENERATE_SYMBOLS = YES;
				SWIFT_ACTIVE_COMPILATION_CONDITIONS = "DEBUG $(inherited)";
				SWIFT_OPTIMIZATION_LEVEL = "-Onone";
			};
			name = Debug;
		};
		601 /* Release */ = {
			isa = XCBuildConfiguration;
			buildSettings = {
				ALWAYS_SEARCH_USER_PATHS = NO;
				ASSETCATALOG_COMPILER_GENERATE_SWIFT_ASSET_SYMBOL_EXTENSIONS = YES;
				CLANG_ANALYZER_NONNULL = YES;
				CLANG_CXX_LANGUAGE_STANDARD = "gnu++20";
				CLANG_ENABLE_MODULES = YES;
				CLANG_ENABLE_OBJC_ARC = YES;
				CLANG_WARN_BLOCK_CAPTURE_AUTORELEASING = YES;
				CLANG_WARN_BOOL_CONVERSION = YES;
				CLANG_WARN_COMMA = YES;
				CLANG_WARN_CONSTANT_CONVERSION = YES;
				CLANG_WARN_DEPRECATED_OBJC_IMPLEMENTATIONS = YES;
				CLANG_WARN_EMPTY_BODY = YES;
				CLANG_WARN_ENUM_CONVERSION = YES;
				CLANG_WARN_INFINITE_RECURSION = YES;
				CLANG_WARN_INT_CONVERSION = YES;
				CLANG_WARN_NON_LITERAL_NULL_CONVERSION = YES;
				CLANG_WARN_OBJC_IMPLICIT_RETAIN_SELF = YES;
				CLANG_WARN_OBJC_LITERAL_CONVERSION = YES;
				CLANG_WARN_QUOTED_INCLUDE_IN_FRAMEWORK_HEADER = YES;
				CLANG_WARN_RANGE_LOOP_ANALYSIS = YES;
				CLANG_WARN_STRICT_PROTOTYPES = YES;
				CLANG_WARN_SUSPICIOUS_MOVE = YES;
				CLANG_WARN_UNREACHABLE_CODE = YES;
				CLANG_WARN__DUPLICATE_METHOD_MATCH = YES;
				COPY_PHASE_STRIP = NO;
				DEBUG_INFORMATION_FORMAT = "dwarf-with-dsym";
				DEVELOPMENT_TEAM = 56AHDT37ZR;
				ENABLE_NS_ASSERTIONS = NO;
				ENABLE_STRICT_OBJC_MSGSEND = YES;
				ENABLE_USER_SCRIPT_SANDBOXING = YES;
				GCC_NO_COMMON_BLOCKS = YES;
				GCC_WARN_64_TO_32_BIT_CONVERSION = YES;
				GCC_WARN_ABOUT_RETURN_TYPE = YES_ERROR;
				GCC_WARN_UNDECLARED_SELECTOR = YES;
				GCC_WARN_UNINITIALIZED_AUTOS = YES_AGGRESSIVE;
				GCC_WARN_UNUSED_FUNCTION = YES;
				GCC_WARN_UNUSED_VARIABLE = YES;
				IPHONEOS_DEPLOYMENT_TARGET = 17.0;
				MTL_ENABLE_DEBUG_INFO = NO;
				MTL_FAST_MATH = YES;
				SDKROOT = iphoneos;
				STRING_CATALOG_GENERATE_SYMBOLS = YES;
				SWIFT_COMPILATION_MODE = wholemodule;
				VALIDATE_PRODUCT = YES;
			};
			name = Release;
		};
		602 /* Debug */ = {
			isa = XCBuildConfiguration;
			buildSettings = {
				ASSETCATALOG_COMPILER_APPICON_NAME = AppIcon;
				CODE_SIGN_ENTITLEMENTS = Gleis/Gleis.entitlements;
				CODE_SIGN_STYLE = Automatic;
				CURRENT_PROJECT_VERSION = 1;
				GENERATE_INFOPLIST_FILE = YES;
				INFOPLIST_FILE = Gleis/Info.plist;
				INFOPLIST_KEY_NSCameraUsageDescription = "Gleis uses the camera to scan ticket cards.";
				INFOPLIST_KEY_UIApplicationSupportsIndirectInputEvents = YES;
				INFOPLIST_KEY_UISupportedInterfaceOrientations = "UIInterfaceOrientationPortrait UIInterfaceOrientationLandscapeLeft UIInterfaceOrientationLandscapeRight";
				INFOPLIST_KEY_UISupportedInterfaceOrientations_iPad = "UIInterfaceOrientationPortrait UIInterfaceOrientationPortraitUpsideDown UIInterfaceOrientationLandscapeLeft UIInterfaceOrientationLandscapeRight";
				INFOPLIST_KEY_UISupportedInterfaceOrientations_iPhone = "UIInterfaceOrientationPortrait UIInterfaceOrientationLandscapeLeft UIInterfaceOrientationLandscapeRight";
				LD_RUNPATH_SEARCH_PATHS = (
					"$(inherited)",
					"@executable_path/Frameworks",
				);
				MARKETING_VERSION = 1.0;
				PRODUCT_BUNDLE_IDENTIFIER = com.veno.gleis;
				PRODUCT_NAME = "$(TARGET_NAME)";
				SWIFT_EMIT_LOC_STRINGS = YES;
				SWIFT_VERSION = 5.0;
				TARGETED_DEVICE_FAMILY = "1,2";
			};
			name = Debug;
		};
		603 /* Release */ = {
			isa = XCBuildConfiguration;
			buildSettings = {
				ASSETCATALOG_COMPILER_APPICON_NAME = AppIcon;
				CODE_SIGN_ENTITLEMENTS = Gleis/Gleis.entitlements;
				CODE_SIGN_STYLE = Automatic;
				CURRENT_PROJECT_VERSION = 1;
				GENERATE_INFOPLIST_FILE = YES;
				INFOPLIST_FILE = Gleis/Info.plist;
				INFOPLIST_KEY_NSCameraUsageDescription = "Gleis uses the camera to scan ticket cards.";
				INFOPLIST_KEY_UIApplicationSupportsIndirectInputEvents = YES;
				INFOPLIST_KEY_UISupportedInterfaceOrientations = "UIInterfaceOrientationPortrait UIInterfaceOrientationLandscapeLeft UIInterfaceOrientationLandscapeRight";
				INFOPLIST_KEY_UISupportedInterfaceOrientations_iPad = "UIInterfaceOrientationPortrait UIInterfaceOrientationPortraitUpsideDown UIInterfaceOrientationLandscapeLeft UIInterfaceOrientationLandscapeRight";
				INFOPLIST_KEY_UISupportedInterfaceOrientations_iPhone = "UIInterfaceOrientationPortrait UIInterfaceOrientationLandscapeLeft UIInterfaceOrientationLandscapeRight";
				LD_RUNPATH_SEARCH_PATHS = (
					"$(inherited)",
					"@executable_path/Frameworks",
				);
				MARKETING_VERSION = 1.0;
				PRODUCT_BUNDLE_IDENTIFIER = com.veno.gleis;
				PRODUCT_NAME = "$(TARGET_NAME)";
				SWIFT_EMIT_LOC_STRINGS = YES;
				SWIFT_VERSION = 5.0;
				TARGETED_DEVICE_FAMILY = "1,2";
			};
			name = Release;
		};
		W602 /* Debug */ = {
			isa = XCBuildConfiguration;
			buildSettings = {
				ASSETCATALOG_COMPILER_GLOBAL_ACCENT_COLOR_NAME = AccentColor;
				ASSETCATALOG_COMPILER_WIDGET_BACKGROUND_COLOR_NAME = WidgetBackground;
				CODE_SIGN_ALLOW_ENTITLEMENTS_MODIFICATION = YES;
				CODE_SIGN_ENTITLEMENTS = GleisWidget/GleisWidget.entitlements;
				CODE_SIGN_STYLE = Automatic;
				CURRENT_PROJECT_VERSION = 1;
				GENERATE_INFOPLIST_FILE = YES;
				INFOPLIST_FILE = GleisWidget/Info.plist;
				INFOPLIST_KEY_CFBundleDisplayName = "Gleis Widget";
				INFOPLIST_KEY_NSHumanReadableCopyright = "";
				LD_RUNPATH_SEARCH_PATHS = (
					"$(inherited)",
					"@executable_path/Frameworks",
					"@executable_path/../../Frameworks",
				);
				MARKETING_VERSION = 1.0;
				PRODUCT_BUNDLE_IDENTIFIER = com.veno.gleis.widget;
				PRODUCT_NAME = "$(TARGET_NAME)";
				SKIP_INSTALL = YES;
				SWIFT_EMIT_LOC_STRINGS = YES;
				SWIFT_VERSION = 5.0;
				TARGETED_DEVICE_FAMILY = "1,2";
			};
			name = Debug;
		};
		W603 /* Release */ = {
			isa = XCBuildConfiguration;
			buildSettings = {
				ASSETCATALOG_COMPILER_GLOBAL_ACCENT_COLOR_NAME = AccentColor;
				ASSETCATALOG_COMPILER_WIDGET_BACKGROUND_COLOR_NAME = WidgetBackground;
				CODE_SIGN_ALLOW_ENTITLEMENTS_MODIFICATION = YES;
				CODE_SIGN_ENTITLEMENTS = GleisWidget/GleisWidget.entitlements;
				CODE_SIGN_STYLE = Automatic;
				CURRENT_PROJECT_VERSION = 1;
				GENERATE_INFOPLIST_FILE = YES;
				INFOPLIST_FILE = GleisWidget/Info.plist;
				INFOPLIST_KEY_CFBundleDisplayName = "Gleis Widget";
				INFOPLIST_KEY_NSHumanReadableCopyright = "";
				LD_RUNPATH_SEARCH_PATHS = (
					"$(inherited)",
					"@executable_path/Frameworks",
					"@executable_path/../../Frameworks",
				);
				MARKETING_VERSION = 1.0;
				PRODUCT_BUNDLE_IDENTIFIER = com.veno.gleis.widget;
				PRODUCT_NAME = "$(TARGET_NAME)";
				SKIP_INSTALL = YES;
				SWIFT_EMIT_LOC_STRINGS = YES;
				SWIFT_VERSION = 5.0;
				TARGETED_DEVICE_FAMILY = "1,2";
			};
			name = Release;
		};
/* End XCBuildConfiguration section */

/* Begin XCConfigurationList section */
		400 /* Build configuration list for PBXNativeTarget "Gleis" */ = {
			isa = XCConfigurationList;
			buildConfigurations = (
				602 /* Debug */,
				603 /* Release */,
			);
			defaultConfigurationIsVisible = 0;
			defaultConfigurationName = Release;
		};
		501 /* Build configuration list for PBXProject "Gleis" */ = {
			isa = XCConfigurationList;
			buildConfigurations = (
				600 /* Debug */,
				601 /* Release */,
			);
			defaultConfigurationIsVisible = 0;
			defaultConfigurationName = Release;
		};
		W400 /* Build configuration list for PBXNativeTarget "GleisWidgetExtension" */ = {
			isa = XCConfigurationList;
			buildConfigurations = (
				W602 /* Debug */,
				W603 /* Release */,
			);
			defaultConfigurationIsVisible = 0;
			defaultConfigurationName = Release;
		};
/* End XCConfigurationList section */
	};
	rootObject = 500 /* Project object */;
}
